
Microsoft Visual Studio Solution File, Format Version 12.00
# Visual Studio Version 16
VisualStudioVersion = 16.0.29306.81
MinimumVisualStudioVersion = 10.0.40219.1
Project("{FAE04EC0-301F-11D3-BF4B-00C04F79EFBC}") = "docr", "docr.csproj", "{8C8782CF-7DD5-4681-9F15-85F3426ACAED}"
EndProject
Global
	GlobalSection(SolutionConfigurationPlatforms) = preSolution
		Debug|Any CPU = Debug|Any CPU
		Release|Any CPU = Release|Any CPU
	EndGlobalSection
	GlobalSection(ProjectConfigurationPlatforms) = postSolution
		{8C8782CF-7DD5-4681-9F15-85F3426ACAED}.Debug|Any CPU.ActiveCfg = Debug|Any CPU
		{8C8782CF-7DD5-4681-9F15-85F3426ACAED}.Debug|Any CPU.Build.0 = Debug|Any CPU
		{8C8782CF-7DD5-4681-9F15-85F3426ACAED}.Release|Any CPU.ActiveCfg = Release|Any CPU
		{8C8782CF-7DD5-4681-9F15-85F3426ACAED}.Release|Any CPU.Build.0 = Release|Any CPU
	EndGlobalSection
	GlobalSection(SolutionProperties) = preSolution
		HideSolutionNode = FALSE
	EndGlobalSection
	GlobalSection(ExtensibilityGlobals) = postSolution
		SolutionGuid = {A5CE11D2-2F9C-490C-8641-E543C069E793}
	EndGlobalSection
EndGlobal
